Microsoft Visual Studio Solution File, Format Version 12.00
# Visual Studio Version 17
VisualStudioVersion = 17.5.2.0
MinimumVisualStudioVersion = 10.0.40219.1
Project("{FAE04EC0-301F-11D3-BF4B-00C04F79EFBC}") = "LocationRegionMatcher", "LocationRegionMatcher\LocationRegionMatcher.csproj", "{062F7091-01A3-9B7D-0793-3CDC8A1F1715}"
EndProject
Project("{FAE04EC0-301F-11D3-BF4B-00C04F79EFBC}") = "LocationRegionMatcher.Tests", "LocationRegionMatcher.Tests\LocationRegionMatcher.Tests.csproj", "{5232FDE4-BD61-47CE-B658-9A8984440608}"
EndProject
Global
	GlobalSection(SolutionConfigurationPlatforms) = preSolution
		Debug|Any CPU = Debug|Any CPU
		Release|Any CPU = Release|Any CPU
	EndGlobalSection
	GlobalSection(ProjectConfigurationPlatforms) = postSolution
		{062F7091-01A3-9B7D-0793-3CDC8A1F1715}.Debug|Any CPU.ActiveCfg = Debug|Any CPU
		{062F7091-01A3-9B7D-0793-3CDC8A1F1715}.Debug|Any CPU.Build.0 = Debug|Any CPU
		{062F7091-01A3-9B7D-0793-3CDC8A1F1715}.Release|Any CPU.ActiveCfg = Release|Any CPU
		{062F7091-01A3-9B7D-0793-3CDC8A1F1715}.Release|Any CPU.Build.0 = Release|Any CPU
		{5232FDE4-BD61-47CE-B658-9A8984440608}.Debug|Any CPU.ActiveCfg = Debug|Any CPU
		{5232FDE4-BD61-47CE-B658-9A8984440608}.Debug|Any CPU.Build.0 = Debug|Any CPU
		{5232FDE4-BD61-47CE-B658-9A8984440608}.Release|Any CPU.ActiveCfg = Release|Any CPU
		{5232FDE4-BD61-47CE-B658-9A8984440608}.Release|Any CPU.Build.0 = Release|Any CPU
	EndGlobalSection
	GlobalSection(SolutionProperties) = preSolution
		HideSolutionNode = FALSE
	EndGlobalSection
	GlobalSection(ExtensibilityGlobals) = postSolution
		SolutionGuid = {4B99C2CE-3743-424C-98EC-7A97A2DD605C}
	EndGlobalSection
EndGlobal
